{
	"name": "botkit",
	"version": "4.6.2",
	"lockfileVersion": 1,
	"requires": true,
	"dependencies": {
		"botbuilder-dialogs": {
			"version": "4.7.1",
			"resolved": "https://registry.npmjs.org/botbuilder-dialogs/-/botbuilder-dialogs-4.7.1.tgz",
			"integrity": "sha512-9ZgIDgntkKHHvnZbEnHS0roctU+OMIyfRFKVE5JZ2CrjXSWGi3LrzvkpFJxe+cjqnbwHENPBimeNcSqCbCGjHA==",
			"requires": {
				"@microsoft/recognizers-text-choice": "1.1.4",
				"@microsoft/recognizers-text-date-time": "1.1.4",
				"@microsoft/recognizers-text-number": "1.1.4",
				"@microsoft/recognizers-text-suite": "1.1.4",
				"@types/node": "^10.12.18",
				"botbuilder-core": "4.7.1",
				"globalize": "^1.4.2"
			},
			"dependencies": {
				"@microsoft/recognizers-text": {
					"version": "1.1.4",
					"resolved": "https://registry.npmjs.org/@microsoft/recognizers-text/-/recognizers-text-1.1.4.tgz",
					"integrity": "sha512-hlSVXcaX5i8JcjuUJpVxmy2Z/GxvFXarF0KVySCFop57wNEnrLWMHe4I4DjP866G19VyIKRw+vPA32pkGhZgTg=="
				},
				"@microsoft/recognizers-text-choice": {
					"version": "1.1.4",
					"resolved": "https://registry.npmjs.org/@microsoft/recognizers-text-choice/-/recognizers-text-choice-1.1.4.tgz",
					"integrity": "sha512-4CddwFe4RVhZeJgW65ocBrEdeukBMghK8pgI0K0Qy2eA5ysPZQpeZ7BGSDz5QMQei5LPY+QaAQ3CHU+ORHoO7A==",
					"requires": {
						"@microsoft/recognizers-text": "~1.1.4",
						"grapheme-splitter": "^1.0.2"
					}
				},
				"@microsoft/recognizers-text-date-time": {
					"version": "1.1.4",
					"resolved": "https://registry.npmjs.org/@microsoft/recognizers-text-date-time/-/recognizers-text-date-time-1.1.4.tgz",
					"integrity": "sha512-leMnjN+KYNwNvRD5T4G0ORUzkjlek/BBZDvQIjAujtyrd/pkViUnuouWIPkFT/dbSOxXML8et54CSk2KfHiWIA==",
					"requires": {
						"@microsoft/recognizers-text": "~1.1.4",
						"@microsoft/recognizers-text-number": "~1.1.4",
						"@microsoft/recognizers-text-number-with-unit": "~1.1.4",
						"lodash.isequal": "^4.5.0",
						"lodash.tonumber": "^4.0.3"
					}
				},
				"@microsoft/recognizers-text-number": {
					"version": "1.1.4",
					"resolved": "https://registry.npmjs.org/@microsoft/recognizers-text-number/-/recognizers-text-number-1.1.4.tgz",
					"integrity": "sha512-6EmlR+HR+eJBIX7sQby1vs6LJB64wxLowHaGpIU9OCXFvZ5Nb0QT8qh10rC40v3Mtrz4DpScXfSXr9tWkIO5MQ==",
					"requires": {
						"@microsoft/recognizers-text": "~1.1.4",
						"bignumber.js": "^7.2.1",
						"lodash.escaperegexp": "^4.1.2",
						"lodash.sortby": "^4.7.0",
						"lodash.trimend": "^4.5.1"
					}
				},
				"@microsoft/recognizers-text-number-with-unit": {
					"version": "1.1.4",
					"resolved": "https://registry.npmjs.org/@microsoft/recognizers-text-number-with-unit/-/recognizers-text-number-with-unit-1.1.4.tgz",
					"integrity": "sha512-zl+CfmfWK0x/x+iSgaBAevKTYO0F4+z7SYHAHztaaaGuX8FERw2jmUjSgVetm5KA3EveyCx0XYGU1mRNY8p7Eg==",
					"requires": {
						"@microsoft/recognizers-text": "~1.1.4",
						"@microsoft/recognizers-text-number": "~1.1.4",
						"lodash.escaperegexp": "^4.1.2",
						"lodash.last": "^3.0.0",
						"lodash.max": "^4.0.1"
					}
				},
				"@microsoft/recognizers-text-sequence": {
					"version": "1.1.4",
					"resolved": "https://registry.npmjs.org/@microsoft/recognizers-text-sequence/-/recognizers-text-sequence-1.1.4.tgz",
					"integrity": "sha512-rb5j8/aE7HSOdIxaVfCGFrj0wWPpSq0CuykFg/A/iJNPP+FnAU71bgP5HexrwQcpCsDinauisX7u0DKIChrHRA==",
					"requires": {
						"@microsoft/recognizers-text": "~1.1.4",
						"grapheme-splitter": "^1.0.2"
					}
				},
				"@microsoft/recognizers-text-suite": {
					"version": "1.1.4",
					"resolved": "https://registry.npmjs.org/@microsoft/recognizers-text-suite/-/recognizers-text-suite-1.1.4.tgz",
					"integrity": "sha512-hNIaR4M2G0nNeI9WZxt9C0KYh/1vhjeKzX5Ds8XDdT0pxF7zwCSo19WNcPjrVK6aCOeZTw/ULofsAjdu9gSkcA==",
					"requires": {
						"@microsoft/recognizers-text": "~1.1.4",
						"@microsoft/recognizers-text-choice": "~1.1.4",
						"@microsoft/recognizers-text-date-time": "~1.1.4",
						"@microsoft/recognizers-text-number": "~1.1.4",
						"@microsoft/recognizers-text-number-with-unit": "~1.1.4",
						"@microsoft/recognizers-text-sequence": "~1.1.4"
					}
				},
				"@types/node": {
					"version": "10.17.13",
					"resolved": "https://registry.npmjs.org/@types/node/-/node-10.17.13.tgz",
					"integrity": "sha512-pMCcqU2zT4TjqYFrWtYHKal7Sl30Ims6ulZ4UFXxI4xbtQqK/qqKwkDoBFCfooRqqmRu9vY3xaJRwxSh673aYg=="
				},
				"assert": {
					"version": "1.5.0",
					"resolved": "https://registry.npmjs.org/assert/-/assert-1.5.0.tgz",
					"integrity": "sha512-EDsgawzwoun2CZkCgtxJbv392v4nbk9XDD06zI+kQYoBM/3RBWLlEyJARDOmhAAosBjWACEkKL6S+lIZtcAubA==",
					"requires": {
						"object-assign": "^4.1.1",
						"util": "0.10.3"
					}
				},
				"bignumber.js": {
					"version": "7.2.1",
					"resolved": "https://registry.npmjs.org/bignumber.js/-/bignumber.js-7.2.1.tgz",
					"integrity": "sha512-S4XzBk5sMB+Rcb/LNcpzXr57VRTxgAvaAEDAl1AwRx27j00hT84O6OkteE7u8UB3NuaaygCRrEpqox4uDOrbdQ=="
				},
				"botbuilder-core": {
					"version": "4.7.1",
					"resolved": "https://registry.npmjs.org/botbuilder-core/-/botbuilder-core-4.7.1.tgz",
					"integrity": "sha512-jSmMmvzajKJwe/9s34j+4dZboKSolf530OKtPkW7KE563JY1bjWxJEivtzgbe4UEW7T0EZ+ONCFI9BvdhOUYuA==",
					"requires": {
						"assert": "^1.4.1",
						"botframework-schema": "4.7.1"
					}
				},
				"botframework-schema": {
					"version": "4.7.1",
					"resolved": "https://registry.npmjs.org/botframework-schema/-/botframework-schema-4.7.1.tgz",
					"integrity": "sha512-HBUjCwLEL292kkBEm7KRwz+Mb57weww1XXnhuX4AfZHW4L3hXDigILct5OrSf9LEq8U9xtKJ+YfdY7i2dJzn9g=="
				},
				"cldrjs": {
					"version": "0.5.1",
					"resolved": "https://registry.npmjs.org/cldrjs/-/cldrjs-0.5.1.tgz",
					"integrity": "sha512-xyiP8uAm8K1IhmpDndZLraloW1yqu0L+HYdQ7O1aGPxx9Cr+BMnPANlNhSt++UKfxytL2hd2NPXgTjiy7k43Ew=="
				},
				"globalize": {
					"version": "1.4.2",
					"resolved": "https://registry.npmjs.org/globalize/-/globalize-1.4.2.tgz",
					"integrity": "sha512-IfKeYI5mAITBmT5EnH8kSQB5uGson4Fkj2XtTpyEbIS7IHNfLHoeTyLJ6tfjiKC6cJXng3IhVurDk5C7ORqFhQ==",
					"requires": {
						"cldrjs": "^0.5.0"
					}
				},
				"grapheme-splitter": {
					"version": "1.0.4",
					"resolved": "https://registry.npmjs.org/grapheme-splitter/-/grapheme-splitter-1.0.4.tgz",
					"integrity": "sha512-bzh50DW9kTPM00T8y4o8vQg89Di9oLJVLW/KaOGIXJWP/iqCN6WKYkbNOF04vFLJhwcpYUh9ydh/+5vpOqV4YQ=="
				},
				"inherits": {
					"version": "2.0.1",
					"resolved": "https://registry.npmjs.org/inherits/-/inherits-2.0.1.tgz",
					"integrity": "sha1-sX0I0ya0Qj5Wjv9xn5GwscvfafE="
				},
				"lodash.escaperegexp": {
					"version": "4.1.2",
					"resolved": "https://registry.npmjs.org/lodash.escaperegexp/-/lodash.escaperegexp-4.1.2.tgz",
					"integrity": "sha1-ZHYsSGGAglGKw99Mz11YhtriA0c="
				},
				"lodash.isequal": {
					"version": "4.5.0",
					"resolved": "https://registry.npmjs.org/lodash.isequal/-/lodash.isequal-4.5.0.tgz",
					"integrity": "sha1-QVxEePK8wwEgwizhDtMib30+GOA="
				},
				"lodash.last": {
					"version": "3.0.0",
					"resolved": "https://registry.npmjs.org/lodash.last/-/lodash.last-3.0.0.tgz",
					"integrity": "sha1-JC9mMRLdTG5jcoxgo8kJ0b2tvUw="
				},
				"lodash.max": {
					"version": "4.0.1",
					"resolved": "https://registry.npmjs.org/lodash.max/-/lodash.max-4.0.1.tgz",
					"integrity": "sha1-hzVWbGGLNan3YFILSHrnllivE2o="
				},
				"lodash.sortby": {
					"version": "4.7.0",
					"resolved": "https://registry.npmjs.org/lodash.sortby/-/lodash.sortby-4.7.0.tgz",
					"integrity": "sha1-7dFMgk4sycHgsKG0K7UhBRakJDg="
				},
				"lodash.tonumber": {
					"version": "4.0.3",
					"resolved": "https://registry.npmjs.org/lodash.tonumber/-/lodash.tonumber-4.0.3.tgz",
					"integrity": "sha1-C5azGzVnJ5Prf1pj7nkfG56QJdk="
				},
				"lodash.trimend": {
					"version": "4.5.1",
					"resolved": "https://registry.npmjs.org/lodash.trimend/-/lodash.trimend-4.5.1.tgz",
					"integrity": "sha1-EoBENyhrmMrYmWt5QU4RMAEUCC8="
				},
				"object-assign": {
					"version": "4.1.1",
					"resolved": "https://registry.npmjs.org/object-assign/-/object-assign-4.1.1.tgz",
					"integrity": "sha1-IQmtx5ZYh8/AXLvUQsrIv7s2CGM="
				},
				"util": {
					"version": "0.10.3",
					"resolved": "https://registry.npmjs.org/util/-/util-0.10.3.tgz",
					"integrity": "sha1-evsa/lCAUkZInj23/g7TeTNqwPk=",
					"requires": {
						"inherits": "2.0.1"
					}
				}
			}
		}
	}
}
