{
  "name": "testbot",
  "version": "1.0.0",
  "lockfileVersion": 1,
  "requires": true,
  "dependencies": {
    "botbuilder": {
      "version": "4.15.0",
      "resolved": "https://registry.npmjs.org/botbuilder/-/botbuilder-4.15.0.tgz",
      "integrity": "sha512-Gbuua4ezx5Jm0Os//G3ZKDGSg5a8otlFa53yjoqi4UvIJv8S389IxagYJEIP3UKkuXwIwRu4BpwEVG7jdMhIhg==",
      "requires": {
        "@azure/ms-rest-js": "1.9.1",
        "axios": "^0.21.2",
        "botbuilder-core": "4.15.0",
        "botbuilder-stdlib": "4.15.0-internal",
        "botframework-connector": "4.15.0",
        "botframework-streaming": "4.15.0",
        "dayjs": "^1.10.3",
        "filenamify": "^4.1.0",
        "fs-extra": "^7.0.1",
        "htmlparser2": "^6.0.1",
        "uuid": "^8.3.2",
        "zod": "~1.11.17"
      },
      "dependencies": {
        "@azure/abort-controller": {
          "version": "1.0.4",
          "resolved": "https://registry.npmjs.org/@azure/abort-controller/-/abort-controller-1.0.4.tgz",
          "integrity": "sha512-lNUmDRVGpanCsiUN3NWxFTdwmdFI53xwhkTFfHDGTYk46ca7Ind3nanJc+U6Zj9Tv+9nTCWRBscWEW1DyKOpTw==",
          "requires": {
            "tslib": "^2.0.0"
          },
          "dependencies": {
            "tslib": {
              "version": "2.3.1",
              "resolved": "https://registry.npmjs.org/tslib/-/tslib-2.3.1.tgz",
              "integrity": "sha512-77EbyPPpMz+FRFRuAFlWMtmgUWGe9UOG2Z25NqCwiIjRhOf5iKGuzSe5P2w1laq+FkRy4p+PCuVkJSGkzTEKVw=="
            }
          }
        },
        "@azure/core-asynciterator-polyfill": {
          "version": "1.0.0",
          "resolved": "https://registry.npmjs.org/@azure/core-asynciterator-polyfill/-/core-asynciterator-polyfill-1.0.0.tgz",
          "integrity": "sha512-kmv8CGrPfN9SwMwrkiBK9VTQYxdFQEGe0BmQk+M8io56P9KNzpAxcWE/1fxJj7uouwN4kXF0BHW8DNlgx+wtCg=="
        },
        "@azure/core-auth": {
          "version": "1.3.2",
          "resolved": "https://registry.npmjs.org/@azure/core-auth/-/core-auth-1.3.2.tgz",
          "integrity": "sha512-7CU6DmCHIZp5ZPiZ9r3J17lTKMmYsm/zGvNkjArQwPkrLlZ1TZ+EUYfGgh2X31OLMVAQCTJZW4cXHJi02EbJnA==",
          "requires": {
            "@azure/abort-controller": "^1.0.0",
            "tslib": "^2.2.0"
          },
          "dependencies": {
            "tslib": {
              "version": "2.3.1",
              "resolved": "https://registry.npmjs.org/tslib/-/tslib-2.3.1.tgz",
              "integrity": "sha512-77EbyPPpMz+FRFRuAFlWMtmgUWGe9UOG2Z25NqCwiIjRhOf5iKGuzSe5P2w1laq+FkRy4p+PCuVkJSGkzTEKVw=="
            }
          }
        },
        "@azure/core-client": {
          "version": "1.3.2",
          "resolved": "https://registry.npmjs.org/@azure/core-client/-/core-client-1.3.2.tgz",
          "integrity": "sha512-qfkRYKmeEmisluMdGTbBtXeyBLaImjFeVW0gcT5yRAwxJmlnTvSyD+a3PjukAtjIrl/tnb4WSJOBpONSJ91+5Q==",
          "requires": {
            "@azure/abort-controller": "^1.0.0",
            "@azure/core-asynciterator-polyfill": "^1.0.0",
            "@azure/core-auth": "^1.3.0",
            "@azure/core-rest-pipeline": "^1.1.0",
            "@azure/core-tracing": "1.0.0-preview.13",
            "tslib": "^2.2.0"
          },
          "dependencies": {
            "tslib": {
              "version": "2.3.1",
              "resolved": "https://registry.npmjs.org/tslib/-/tslib-2.3.1.tgz",
              "integrity": "sha512-77EbyPPpMz+FRFRuAFlWMtmgUWGe9UOG2Z25NqCwiIjRhOf5iKGuzSe5P2w1laq+FkRy4p+PCuVkJSGkzTEKVw=="
            }
          }
        },
        "@azure/core-rest-pipeline": {
          "version": "1.3.2",
          "resolved": "https://registry.npmjs.org/@azure/core-rest-pipeline/-/core-rest-pipeline-1.3.2.tgz",
          "integrity": "sha512-kymICKESeHBpVLgQiAxllgWdSTopkqtmfPac8ITwMCxNEC6hzbSpqApYbjzxbBNkBMgoD4GESo6LLhR/sPh6kA==",
          "requires": {
            "@azure/abort-controller": "^1.0.0",
            "@azure/core-auth": "^1.3.0",
            "@azure/core-tracing": "1.0.0-preview.13",
            "@azure/logger": "^1.0.0",
            "form-data": "^4.0.0",
            "http-proxy-agent": "^4.0.1",
            "https-proxy-agent": "^5.0.0",
            "tslib": "^2.2.0",
            "uuid": "^8.3.0"
          },
          "dependencies": {
            "form-data": {
              "version": "4.0.0",
              "resolved": "https://registry.npmjs.org/form-data/-/form-data-4.0.0.tgz",
              "integrity": "sha512-ETEklSGi5t0QMZuiXoA/Q6vcnxcLQP5vdugSpuAyi6SVGi2clPPp+xgEhuMaHC+zGgn31Kd235W35f7Hykkaww==",
              "requires": {
                "asynckit": "^0.4.0",
                "combined-stream": "^1.0.8",
                "mime-types": "^2.1.12"
              }
            },
            "tslib": {
              "version": "2.3.1",
              "resolved": "https://registry.npmjs.org/tslib/-/tslib-2.3.1.tgz",
              "integrity": "sha512-77EbyPPpMz+FRFRuAFlWMtmgUWGe9UOG2Z25NqCwiIjRhOf5iKGuzSe5P2w1laq+FkRy4p+PCuVkJSGkzTEKVw=="
            }
          }
        },
        "@azure/core-tracing": {
          "version": "1.0.0-preview.13",
          "resolved": "https://registry.npmjs.org/@azure/core-tracing/-/core-tracing-1.0.0-preview.13.tgz",
          "integrity": "sha512-KxDlhXyMlh2Jhj2ykX6vNEU0Vou4nHr025KoSEiz7cS3BNiHNaZcdECk/DmLkEB0as5T7b/TpRcehJ5yV6NeXQ==",
          "requires": {
            "@opentelemetry/api": "^1.0.1",
            "tslib": "^2.2.0"
          },
          "dependencies": {
            "tslib": {
              "version": "2.3.1",
              "resolved": "https://registry.npmjs.org/tslib/-/tslib-2.3.1.tgz",
              "integrity": "sha512-77EbyPPpMz+FRFRuAFlWMtmgUWGe9UOG2Z25NqCwiIjRhOf5iKGuzSe5P2w1laq+FkRy4p+PCuVkJSGkzTEKVw=="
            }
          }
        },
        "@azure/core-util": {
          "version": "1.0.0-beta.1",
          "resolved": "https://registry.npmjs.org/@azure/core-util/-/core-util-1.0.0-beta.1.tgz",
          "integrity": "sha512-pS6cup979/qyuyNP9chIybK2qVkJ3MarbY/bx3JcGKE6An6dRweLnsfJfU2ydqUI/B51Rjnn59ajHIhCUTwWZw==",
          "requires": {
            "tslib": "^2.0.0"
          },
          "dependencies": {
            "tslib": {
              "version": "2.3.1",
              "resolved": "https://registry.npmjs.org/tslib/-/tslib-2.3.1.tgz",
              "integrity": "sha512-77EbyPPpMz+FRFRuAFlWMtmgUWGe9UOG2Z25NqCwiIjRhOf5iKGuzSe5P2w1laq+FkRy4p+PCuVkJSGkzTEKVw=="
            }
          }
        },
        "@azure/identity": {
          "version": "2.0.0-beta.6",
          "resolved": "https://registry.npmjs.org/@azure/identity/-/identity-2.0.0-beta.6.tgz",
          "integrity": "sha512-wtaAj11o7P1yJIhBDjP0W9nTUlhguJ711v7sEYR522ACOgfTuf5OMuVaF8HR/8Y57f4EFDGIj2Rqls2+VC6mCg==",
          "requires": {
            "@azure/abort-controller": "^1.0.0",
            "@azure/core-auth": "^1.3.0",
            "@azure/core-client": "^1.0.0",
            "@azure/core-rest-pipeline": "^1.1.0",
            "@azure/core-tracing": "1.0.0-preview.13",
            "@azure/core-util": "^1.0.0-beta.1",
            "@azure/logger": "^1.0.0",
            "@azure/msal-browser": "^2.16.0",
            "@azure/msal-common": "^4.5.1",
            "@azure/msal-node": "^1.3.0",
            "@types/stoppable": "^1.1.0",
            "events": "^3.0.0",
            "jws": "^4.0.0",
            "open": "^7.0.0",
            "stoppable": "^1.1.0",
            "tslib": "^2.2.0",
            "uuid": "^8.3.0"
          },
          "dependencies": {
            "tslib": {
              "version": "2.3.1",
              "resolved": "https://registry.npmjs.org/tslib/-/tslib-2.3.1.tgz",
              "integrity": "sha512-77EbyPPpMz+FRFRuAFlWMtmgUWGe9UOG2Z25NqCwiIjRhOf5iKGuzSe5P2w1laq+FkRy4p+PCuVkJSGkzTEKVw=="
            }
          }
        },
        "@azure/logger": {
          "version": "1.0.3",
          "resolved": "https://registry.npmjs.org/@azure/logger/-/logger-1.0.3.tgz",
          "integrity": "sha512-aK4s3Xxjrx3daZr3VylxejK3vG5ExXck5WOHDJ8in/k9AqlfIyFMMT1uG7u8mNjX+QRILTIn0/Xgschfh/dQ9g==",
          "requires": {
            "tslib": "^2.2.0"
          },
          "dependencies": {
            "tslib": {
              "version": "2.3.1",
              "resolved": "https://registry.npmjs.org/tslib/-/tslib-2.3.1.tgz",
              "integrity": "sha512-77EbyPPpMz+FRFRuAFlWMtmgUWGe9UOG2Z25NqCwiIjRhOf5iKGuzSe5P2w1laq+FkRy4p+PCuVkJSGkzTEKVw=="
            }
          }
        },
        "@azure/ms-rest-js": {
          "version": "1.9.1",
          "resolved": "https://registry.npmjs.org/@azure/ms-rest-js/-/ms-rest-js-1.9.1.tgz",
          "integrity": "sha512-F1crHKhmsvFLM9fsnDyCGFd2E2KR9GEZm5oBVV5D5k2EBQ7u7idtSJlSF6RDLDIrGWtc4NnFdYwsoiW8NLlBQg==",
          "requires": {
            "@types/tunnel": "0.0.0",
            "axios": "^0.21.1",
            "form-data": "^2.3.2",
            "tough-cookie": "^2.4.3",
            "tslib": "^1.9.2",
            "tunnel": "0.0.6",
            "uuid": "^3.2.1",
            "xml2js": "^0.4.19"
          },
          "dependencies": {
            "uuid": {
              "version": "3.4.0",
              "resolved": "https://registry.npmjs.org/uuid/-/uuid-3.4.0.tgz",
              "integrity": "sha512-HjSDRw6gZE5JMggctHBcjVak08+KEVhSIiDzFnT9S9aegmp85S/bReBVTb4QTFaRNptJ9kuYaNhnbNEOkbKb/A=="
            }
          }
        },
        "@azure/msal-browser": {
          "version": "2.19.0",
          "resolved": "https://registry.npmjs.org/@azure/msal-browser/-/msal-browser-2.19.0.tgz",
          "integrity": "sha512-nVMMSbFeocGv3SUYGBD+3pkE/pbAciGhER3KCjsBu6Sy9EDaBCiQ418KZfHBcCcrNQgFxf3nleWdeYoYX7281g==",
          "requires": {
            "@azure/msal-common": "^5.1.0"
          },
          "dependencies": {
            "@azure/msal-common": {
              "version": "5.1.0",
              "resolved": "https://registry.npmjs.org/@azure/msal-common/-/msal-common-5.1.0.tgz",
              "integrity": "sha512-4zHZ5Ec7jAgTIWZO3ap1ozgIPGAirF1wL8UhsmPF9QDoZz0cMHdaNmtov5i2+6Xq37YMzhN5s50EFHBuXd7sDQ==",
              "requires": {
                "debug": "^4.1.1"
              }
            }
          }
        },
        "@azure/msal-common": {
          "version": "4.5.1",
          "resolved": "https://registry.npmjs.org/@azure/msal-common/-/msal-common-4.5.1.tgz",
          "integrity": "sha512-/i5dXM+QAtO+6atYd5oHGBAx48EGSISkXNXViheliOQe+SIFMDo3gSq3lL54W0suOSAsVPws3XnTaIHlla0PIQ==",
          "requires": {
            "debug": "^4.1.1"
          }
        },
        "@azure/msal-node": {
          "version": "1.3.3",
          "resolved": "https://registry.npmjs.org/@azure/msal-node/-/msal-node-1.3.3.tgz",
          "integrity": "sha512-ZtVCVzr7V4xEeqICa7E9g6BY3noZv96XG11ENuqEiz/PA1OzPD1/x0QF6BPHVldST8wwoevXxPw+t/h3AFII7w==",
          "requires": {
            "@azure/msal-common": "^5.1.0",
            "axios": "^0.21.4",
            "jsonwebtoken": "^8.5.1",
            "uuid": "^8.3.0"
          },
          "dependencies": {
            "@azure/msal-common": {
              "version": "5.1.0",
              "resolved": "https://registry.npmjs.org/@azure/msal-common/-/msal-common-5.1.0.tgz",
              "integrity": "sha512-4zHZ5Ec7jAgTIWZO3ap1ozgIPGAirF1wL8UhsmPF9QDoZz0cMHdaNmtov5i2+6Xq37YMzhN5s50EFHBuXd7sDQ==",
              "requires": {
                "debug": "^4.1.1"
              }
            },
            "jsonwebtoken": {
              "version": "8.5.1",
              "resolved": "https://registry.npmjs.org/jsonwebtoken/-/jsonwebtoken-8.5.1.tgz",
              "integrity": "sha512-XjwVfRS6jTMsqYs0EsuJ4LGxXV14zQybNd4L2r0UvbVnSF9Af8x7p5MzbJ90Ioz/9TI41/hTCvznF/loiSzn8w==",
              "requires": {
                "jws": "^3.2.2",
                "lodash.includes": "^4.3.0",
                "lodash.isboolean": "^3.0.3",
                "lodash.isinteger": "^4.0.4",
                "lodash.isnumber": "^3.0.3",
                "lodash.isplainobject": "^4.0.6",
                "lodash.isstring": "^4.0.1",
                "lodash.once": "^4.0.0",
                "ms": "^2.1.1",
                "semver": "^5.6.0"
              }
            },
            "jws": {
              "version": "3.2.2",
              "resolved": "https://registry.npmjs.org/jws/-/jws-3.2.2.tgz",
              "integrity": "sha512-YHlZCB6lMTllWDtSPHz/ZXTsi8S00usEV6v1tjq8tOUZzw7DpSDWVXjXDre6ed1w/pd495ODpHZYSdkRTsa0HA==",
              "requires": {
                "jwa": "^1.4.1",
                "safe-buffer": "^5.0.1"
              }
            }
          }
        },
        "@opentelemetry/api": {
          "version": "1.0.3",
          "resolved": "https://registry.npmjs.org/@opentelemetry/api/-/api-1.0.3.tgz",
          "integrity": "sha512-puWxACExDe9nxbBB3lOymQFrLYml2dVOrd7USiVRnSbgXE+KwBu+HxFvxrzfqsiSda9IWsXJG1ef7C1O2/GmKQ=="
        },
        "@tootallnate/once": {
          "version": "1.1.2",
          "resolved": "https://registry.npmjs.org/@tootallnate/once/-/once-1.1.2.tgz",
          "integrity": "sha512-RbzJvlNzmRq5c3O09UipeuXno4tA1FE6ikOjxZK0tuxVv3412l64l5t1W5pj4+rJq9vpkm/kwiR07aZXnsKPxw=="
        },
        "@types/jsonwebtoken": {
          "version": "7.2.8",
          "resolved": "https://registry.npmjs.org/@types/jsonwebtoken/-/jsonwebtoken-7.2.8.tgz",
          "integrity": "sha512-XENN3YzEB8D6TiUww0O8SRznzy1v+77lH7UmuN54xq/IHIsyWjWOzZuFFTtoiRuaE782uAoRwBe/wwow+vQXZw==",
          "requires": {
            "@types/node": "*"
          }
        },
        "@types/node": {
          "version": "16.11.11",
          "resolved": "https://registry.npmjs.org/@types/node/-/node-16.11.11.tgz",
          "integrity": "sha512-KB0sixD67CeecHC33MYn+eYARkqTheIRNuu97y2XMjR7Wu3XibO1vaY6VBV6O/a89SPI81cEUIYT87UqUWlZNw=="
        },
        "@types/stoppable": {
          "version": "1.1.1",
          "resolved": "https://registry.npmjs.org/@types/stoppable/-/stoppable-1.1.1.tgz",
          "integrity": "sha512-b8N+fCADRIYYrGZOcmOR8ZNBOqhktWTB/bMUl5LvGtT201QKJZOOH5UsFyI3qtteM6ZAJbJqZoBcLqqxKIwjhw==",
          "requires": {
            "@types/node": "*"
          }
        },
        "@types/tunnel": {
          "version": "0.0.0",
          "resolved": "https://registry.npmjs.org/@types/tunnel/-/tunnel-0.0.0.tgz",
          "integrity": "sha512-FGDp0iBRiBdPjOgjJmn1NH0KDLN+Z8fRmo+9J7XGBhubq1DPrGrbmG4UTlGzrpbCpesMqD0sWkzi27EYkOMHyg==",
          "requires": {
            "@types/node": "*"
          }
        },
        "@types/ws": {
          "version": "6.0.4",
          "resolved": "https://registry.npmjs.org/@types/ws/-/ws-6.0.4.tgz",
          "integrity": "sha512-PpPrX7SZW9re6+Ha8ojZG4Se8AZXgf0GK6zmfqEuCsY49LFDNXO3SByp44X3dFEqtB73lkCDAdUazhAjVPiNwg==",
          "requires": {
            "@types/node": "*"
          }
        },
        "@xmldom/xmldom": {
          "version": "0.7.5",
          "resolved": "https://registry.npmjs.org/@xmldom/xmldom/-/xmldom-0.7.5.tgz",
          "integrity": "sha512-V3BIhmY36fXZ1OtVcI9W+FxQqxVLsPKcNjWigIaa81dLC9IolJl5Mt4Cvhmr0flUnjSpTdrbMTSbXqYqV5dT6A=="
        },
        "adal-node": {
          "version": "0.2.3",
          "resolved": "https://registry.npmjs.org/adal-node/-/adal-node-0.2.3.tgz",
          "integrity": "sha512-gMKr8RuYEYvsj7jyfCv/4BfKToQThz20SP71N3AtFn3ia3yAR8Qt2T3aVQhuJzunWs2b38ZsQV0qsZPdwZr7VQ==",
          "requires": {
            "@xmldom/xmldom": "^0.7.0",
            "async": "^2.6.3",
            "axios": "^0.21.1",
            "date-utils": "*",
            "jws": "3.x.x",
            "underscore": ">= 1.3.1",
            "uuid": "^3.1.0",
            "xpath.js": "~1.1.0"
          },
          "dependencies": {
            "jws": {
              "version": "3.2.2",
              "resolved": "https://registry.npmjs.org/jws/-/jws-3.2.2.tgz",
              "integrity": "sha512-YHlZCB6lMTllWDtSPHz/ZXTsi8S00usEV6v1tjq8tOUZzw7DpSDWVXjXDre6ed1w/pd495ODpHZYSdkRTsa0HA==",
              "requires": {
                "jwa": "^1.4.1",
                "safe-buffer": "^5.0.1"
              }
            },
            "uuid": {
              "version": "3.4.0",
              "resolved": "https://registry.npmjs.org/uuid/-/uuid-3.4.0.tgz",
              "integrity": "sha512-HjSDRw6gZE5JMggctHBcjVak08+KEVhSIiDzFnT9S9aegmp85S/bReBVTb4QTFaRNptJ9kuYaNhnbNEOkbKb/A=="
            }
          }
        },
        "agent-base": {
          "version": "6.0.2",
          "resolved": "https://registry.npmjs.org/agent-base/-/agent-base-6.0.2.tgz",
          "integrity": "sha512-RZNwNclF7+MS/8bDg70amg32dyeZGZxiDuQmZxKLAlQjr3jGyLx+4Kkk58UO7D2QdgFIQCovuSuZESne6RG6XQ==",
          "requires": {
            "debug": "4"
          }
        },
        "async": {
          "version": "2.6.3",
          "resolved": "https://registry.npmjs.org/async/-/async-2.6.3.tgz",
          "integrity": "sha512-zflvls11DCy+dQWzTW2dzuilv8Z5X/pjfmZOWba6TNIVDm+2UDaJmXSOXlasHKfNBs8oo3M0aT50fDEWfKZjXg==",
          "requires": {
            "lodash": "^4.17.14"
          }
        },
        "asynckit": {
          "version": "0.4.0",
          "resolved": "https://registry.npmjs.org/asynckit/-/asynckit-0.4.0.tgz",
          "integrity": "sha1-x57Zf380y48robyXkLzDZkdLS3k="
        },
        "axios": {
          "version": "0.21.4",
          "resolved": "https://registry.npmjs.org/axios/-/axios-0.21.4.tgz",
          "integrity": "sha512-ut5vewkiu8jjGBdqpM44XxjuCjq9LAKeHVmoVfHVzy8eHgxxq8SbAVQNovDA8mVi05kP0Ea/n/UzcSHcTJQfNg==",
          "requires": {
            "follow-redirects": "^1.14.0"
          }
        },
        "base64url": {
          "version": "3.0.1",
          "resolved": "https://registry.npmjs.org/base64url/-/base64url-3.0.1.tgz",
          "integrity": "sha512-ir1UPr3dkwexU7FdV8qBBbNDRUhMmIekYMFZfi+C/sLNnRESKPl23nB9b2pltqfOQNnGzsDdId90AEtG5tCx4A=="
        },
        "botbuilder-core": {
          "version": "4.15.0",
          "resolved": "https://registry.npmjs.org/botbuilder-core/-/botbuilder-core-4.15.0.tgz",
          "integrity": "sha512-BEVQ9tvROS4hDit4JZ9seEMlu85humAZwzDNAjgJTsqfezoEbqtny4U/aeJZk84poh3dJsCKnHlYWUSkzUwB8w==",
          "requires": {
            "botbuilder-dialogs-adaptive-runtime-core": "4.15.0-preview",
            "botbuilder-stdlib": "4.15.0-internal",
            "botframework-connector": "4.15.0",
            "botframework-schema": "4.15.0",
            "uuid": "^8.3.2",
            "zod": "~1.11.17"
          }
        },
        "botbuilder-dialogs-adaptive-runtime-core": {
          "version": "4.15.0-preview",
          "resolved": "https://registry.npmjs.org/botbuilder-dialogs-adaptive-runtime-core/-/botbuilder-dialogs-adaptive-runtime-core-4.15.0-preview.tgz",
          "integrity": "sha512-bYPbUvEuMYU5HR4HtnssTRCWC4e+7DI7zeWPE4ODrX9MYWxWsqJTmhwt8vZxO+CH/JdHwXZKp/qnxYRza7fq9g==",
          "requires": {
            "dependency-graph": "^0.10.0"
          }
        },
        "botbuilder-stdlib": {
          "version": "4.15.0-internal",
          "resolved": "https://registry.npmjs.org/botbuilder-stdlib/-/botbuilder-stdlib-4.15.0-internal.tgz",
          "integrity": "sha512-2nL3+swW4Af97Ofj6uTM8cLzgRQDBgyk89HPGLm80Z6/eCsGkUnOsn4osLiqbNWxfXEpQp5WzQhyzOuNiDqeIw=="
        },
        "botframework-connector": {
          "version": "4.15.0",
          "resolved": "https://registry.npmjs.org/botframework-connector/-/botframework-connector-4.15.0.tgz",
          "integrity": "sha512-p7e+W3JfLL/jwD6cn9f4Odp4VOqv+b8HleTd0dFvcrOYCOZQ1gahAXgp39xd+NtARaLceSBmQe3ZEUrlMO3XFw==",
          "requires": {
            "@azure/identity": "2.0.0-beta.6",
            "@azure/ms-rest-js": "1.9.1",
            "@types/jsonwebtoken": "7.2.8",
            "@types/node": "^10.17.27",
            "adal-node": "0.2.3",
            "axios": "^0.21.2",
            "base64url": "^3.0.0",
            "botbuilder-stdlib": "4.15.0-internal",
            "botframework-schema": "4.15.0",
            "cross-fetch": "^3.0.5",
            "jsonwebtoken": "8.0.1",
            "rsa-pem-from-mod-exp": "^0.8.4",
            "zod": "~1.11.17"
          },
          "dependencies": {
            "@types/node": {
              "version": "10.17.60",
              "resolved": "https://registry.npmjs.org/@types/node/-/node-10.17.60.tgz",
              "integrity": "sha512-F0KIgDJfy2nA3zMLmWGKxcH2ZVEtCZXHHdOQs2gSaQ27+lNeEfGxzkIw90aXswATX7AZ33tahPbzy6KAfUreVw=="
            }
          }
        },
        "botframework-schema": {
          "version": "4.15.0",
          "resolved": "https://registry.npmjs.org/botframework-schema/-/botframework-schema-4.15.0.tgz",
          "integrity": "sha512-81Tm4GPy1RHlB5CsZU6zbOu+wHqvxBI08rDNb/Zlx1oKhFAu9/mpl0+Go3jEYRukAmJDVzKviRruSSqBcZ6L/g==",
          "requires": {
            "uuid": "^8.3.2",
            "zod": "~1.11.17"
          }
        },
        "botframework-streaming": {
          "version": "4.15.0",
          "resolved": "https://registry.npmjs.org/botframework-streaming/-/botframework-streaming-4.15.0.tgz",
          "integrity": "sha512-JsVl3FYDWTxPOeQNGihsTvnYL9HLOpiY8zlcks7doSrv/eZCJ8voA1AbTXhJwustaSKjB4xVpWUGpCwlo/wi4g==",
          "requires": {
            "@types/node": "^10.17.27",
            "@types/ws": "^6.0.3",
            "uuid": "^8.3.2",
            "ws": "^7.1.2"
          },
          "dependencies": {
            "@types/node": {
              "version": "10.17.60",
              "resolved": "https://registry.npmjs.org/@types/node/-/node-10.17.60.tgz",
              "integrity": "sha512-F0KIgDJfy2nA3zMLmWGKxcH2ZVEtCZXHHdOQs2gSaQ27+lNeEfGxzkIw90aXswATX7AZ33tahPbzy6KAfUreVw=="
            }
          }
        },
        "buffer-equal-constant-time": {
          "version": "1.0.1",
          "resolved": "https://registry.npmjs.org/buffer-equal-constant-time/-/buffer-equal-constant-time-1.0.1.tgz",
          "integrity": "sha1-+OcRMvf/5uAaXJaXpMbz5I1cyBk="
        },
        "combined-stream": {
          "version": "1.0.8",
          "resolved": "https://registry.npmjs.org/combined-stream/-/combined-stream-1.0.8.tgz",
          "integrity": "sha512-FQN4MRfuJeHf7cBbBMJFXhKSDq+2kAArBlmRBvcvFE5BB1HZKXtSFASDhdlz9zOYwxh8lDdnvmMOe/+5cdoEdg==",
          "requires": {
            "delayed-stream": "~1.0.0"
          }
        },
        "cross-fetch": {
          "version": "3.1.4",
          "resolved": "https://registry.npmjs.org/cross-fetch/-/cross-fetch-3.1.4.tgz",
          "integrity": "sha512-1eAtFWdIubi6T4XPy6ei9iUFoKpUkIF971QLN8lIvvvwueI65+Nw5haMNKUwfJxabqlIIDODJKGrQ66gxC0PbQ==",
          "requires": {
            "node-fetch": "2.6.1"
          }
        },
        "date-utils": {
          "version": "1.2.21",
          "resolved": "https://registry.npmjs.org/date-utils/-/date-utils-1.2.21.tgz",
          "integrity": "sha1-YfsWzcEnSzyayq/+n8ad+HIKK2Q="
        },
        "dayjs": {
          "version": "1.10.7",
          "resolved": "https://registry.npmjs.org/dayjs/-/dayjs-1.10.7.tgz",
          "integrity": "sha512-P6twpd70BcPK34K26uJ1KT3wlhpuOAPoMwJzpsIWUxHZ7wpmbdZL/hQqBDfz7hGurYSa5PhzdhDHtt319hL3ig=="
        },
        "debug": {
          "version": "4.3.3",
          "resolved": "https://registry.npmjs.org/debug/-/debug-4.3.3.tgz",
          "integrity": "sha512-/zxw5+vh1Tfv+4Qn7a5nsbcJKPaSvCDhojn6FEl9vupwK2VCSDtEiEtqr8DFtzYFOdz63LBkxec7DYuc2jon6Q==",
          "requires": {
            "ms": "2.1.2"
          }
        },
        "delayed-stream": {
          "version": "1.0.0",
          "resolved": "https://registry.npmjs.org/delayed-stream/-/delayed-stream-1.0.0.tgz",
          "integrity": "sha1-3zrhmayt+31ECqrgsp4icrJOxhk="
        },
        "dependency-graph": {
          "version": "0.10.0",
          "resolved": "https://registry.npmjs.org/dependency-graph/-/dependency-graph-0.10.0.tgz",
          "integrity": "sha512-c9amUgpgxSi1bE5/sbLwcs5diLD0ygCQYmhfM5H1s5VH1mCsYkcmAL3CcNdv4kdSw6JuMoHeDGzLgj/gAXdWVg=="
        },
        "dom-serializer": {
          "version": "1.3.2",
          "resolved": "https://registry.npmjs.org/dom-serializer/-/dom-serializer-1.3.2.tgz",
          "integrity": "sha512-5c54Bk5Dw4qAxNOI1pFEizPSjVsx5+bpJKmL2kPn8JhBUq2q09tTCa3mjijun2NfK78NMouDYNMBkOrPZiS+ig==",
          "requires": {
            "domelementtype": "^2.0.1",
            "domhandler": "^4.2.0",
            "entities": "^2.0.0"
          }
        },
        "domelementtype": {
          "version": "2.2.0",
          "resolved": "https://registry.npmjs.org/domelementtype/-/domelementtype-2.2.0.tgz",
          "integrity": "sha512-DtBMo82pv1dFtUmHyr48beiuq792Sxohr+8Hm9zoxklYPfa6n0Z3Byjj2IV7bmr2IyqClnqEQhfgHJJ5QF0R5A=="
        },
        "domhandler": {
          "version": "4.3.0",
          "resolved": "https://registry.npmjs.org/domhandler/-/domhandler-4.3.0.tgz",
          "integrity": "sha512-fC0aXNQXqKSFTr2wDNZDhsEYjCiYsDWl3D01kwt25hm1YIPyDGHvvi3rw+PLqHAl/m71MaiF7d5zvBr0p5UB2g==",
          "requires": {
            "domelementtype": "^2.2.0"
          }
        },
        "domutils": {
          "version": "2.8.0",
          "resolved": "https://registry.npmjs.org/domutils/-/domutils-2.8.0.tgz",
          "integrity": "sha512-w96Cjofp72M5IIhpjgobBimYEfoPjx1Vx0BSX9P30WBdZW2WIKU0T1Bd0kz2eNZ9ikjKgHbEyKx8BB6H1L3h3A==",
          "requires": {
            "dom-serializer": "^1.0.1",
            "domelementtype": "^2.2.0",
            "domhandler": "^4.2.0"
          }
        },
        "ecdsa-sig-formatter": {
          "version": "1.0.11",
          "resolved": "https://registry.npmjs.org/ecdsa-sig-formatter/-/ecdsa-sig-formatter-1.0.11.tgz",
          "integrity": "sha512-nagl3RYrbNv6kQkeJIpt6NJZy8twLB/2vtz6yN9Z4vRKHN4/QZJIEbqohALSgwKdnksuY3k5Addp5lg8sVoVcQ==",
          "requires": {
            "safe-buffer": "^5.0.1"
          }
        },
        "entities": {
          "version": "2.2.0",
          "resolved": "https://registry.npmjs.org/entities/-/entities-2.2.0.tgz",
          "integrity": "sha512-p92if5Nz619I0w+akJrLZH0MX0Pb5DX39XOwQTtXSdQQOaYH03S1uIQp4mhOZtAXrxq4ViO67YTiLBo2638o9A=="
        },
        "escape-string-regexp": {
          "version": "1.0.5",
          "resolved": "https://registry.npmjs.org/escape-string-regexp/-/escape-string-regexp-1.0.5.tgz",
          "integrity": "sha1-G2HAViGQqN/2rjuyzwIAyhMLhtQ="
        },
        "events": {
          "version": "3.3.0",
          "resolved": "https://registry.npmjs.org/events/-/events-3.3.0.tgz",
          "integrity": "sha512-mQw+2fkQbALzQ7V0MY0IqdnXNOeTtP4r0lN9z7AAawCXgqea7bDii20AYrIBrFd/Hx0M2Ocz6S111CaFkUcb0Q=="
        },
        "filename-reserved-regex": {
          "version": "2.0.0",
          "resolved": "https://registry.npmjs.org/filename-reserved-regex/-/filename-reserved-regex-2.0.0.tgz",
          "integrity": "sha1-q/c9+rc10EVECr/qLZHzieu/oik="
        },
        "filenamify": {
          "version": "4.3.0",
          "resolved": "https://registry.npmjs.org/filenamify/-/filenamify-4.3.0.tgz",
          "integrity": "sha512-hcFKyUG57yWGAzu1CMt/dPzYZuv+jAJUT85bL8mrXvNe6hWj6yEHEc4EdcgiA6Z3oi1/9wXJdZPXF2dZNgwgOg==",
          "requires": {
            "filename-reserved-regex": "^2.0.0",
            "strip-outer": "^1.0.1",
            "trim-repeated": "^1.0.0"
          }
        },
        "follow-redirects": {
          "version": "1.14.5",
          "resolved": "https://registry.npmjs.org/follow-redirects/-/follow-redirects-1.14.5.tgz",
          "integrity": "sha512-wtphSXy7d4/OR+MvIFbCVBDzZ5520qV8XfPklSN5QtxuMUJZ+b0Wnst1e1lCDocfzuCkHqj8k0FpZqO+UIaKNA=="
        },
        "form-data": {
          "version": "2.5.1",
          "resolved": "https://registry.npmjs.org/form-data/-/form-data-2.5.1.tgz",
          "integrity": "sha512-m21N3WOmEEURgk6B9GLOE4RuWOFf28Lhh9qGYeNlGq4VDXUlJy2th2slBNU8Gp8EzloYZOibZJ7t5ecIrFSjVA==",
          "requires": {
            "asynckit": "^0.4.0",
            "combined-stream": "^1.0.6",
            "mime-types": "^2.1.12"
          }
        },
        "fs-extra": {
          "version": "7.0.1",
          "resolved": "https://registry.npmjs.org/fs-extra/-/fs-extra-7.0.1.tgz",
          "integrity": "sha512-YJDaCJZEnBmcbw13fvdAM9AwNOJwOzrE4pqMqBq5nFiEqXUqHwlK4B+3pUw6JNvfSPtX05xFHtYy/1ni01eGCw==",
          "requires": {
            "graceful-fs": "^4.1.2",
            "jsonfile": "^4.0.0",
            "universalify": "^0.1.0"
          }
        },
        "graceful-fs": {
          "version": "4.2.8",
          "resolved": "https://registry.npmjs.org/graceful-fs/-/graceful-fs-4.2.8.tgz",
          "integrity": "sha512-qkIilPUYcNhJpd33n0GBXTB1MMPp14TxEsEs0pTrsSVucApsYzW5V+Q8Qxhik6KU3evy+qkAAowTByymK0avdg=="
        },
        "htmlparser2": {
          "version": "6.1.0",
          "resolved": "https://registry.npmjs.org/htmlparser2/-/htmlparser2-6.1.0.tgz",
          "integrity": "sha512-gyyPk6rgonLFEDGoeRgQNaEUvdJ4ktTmmUh/h2t7s+M8oPpIPxgNACWa+6ESR57kXstwqPiCut0V8NRpcwgU7A==",
          "requires": {
            "domelementtype": "^2.0.1",
            "domhandler": "^4.0.0",
            "domutils": "^2.5.2",
            "entities": "^2.0.0"
          }
        },
        "http-proxy-agent": {
          "version": "4.0.1",
          "resolved": "https://registry.npmjs.org/http-proxy-agent/-/http-proxy-agent-4.0.1.tgz",
          "integrity": "sha512-k0zdNgqWTGA6aeIRVpvfVob4fL52dTfaehylg0Y4UvSySvOq/Y+BOyPrgpUrA7HylqvU8vIZGsRuXmspskV0Tg==",
          "requires": {
            "@tootallnate/once": "1",
            "agent-base": "6",
            "debug": "4"
          }
        },
        "https-proxy-agent": {
          "version": "5.0.0",
          "resolved": "https://registry.npmjs.org/https-proxy-agent/-/https-proxy-agent-5.0.0.tgz",
          "integrity": "sha512-EkYm5BcKUGiduxzSt3Eppko+PiNWNEpa4ySk9vTC6wDsQJW9rHSa+UhGNJoRYp7bz6Ht1eaRIa6QaJqO5rCFbA==",
          "requires": {
            "agent-base": "6",
            "debug": "4"
          }
        },
        "is-docker": {
          "version": "2.2.1",
          "resolved": "https://registry.npmjs.org/is-docker/-/is-docker-2.2.1.tgz",
          "integrity": "sha512-F+i2BKsFrH66iaUFc0woD8sLy8getkwTwtOBjvs56Cx4CgJDeKQeqfz8wAYiSb8JOprWhHH5p77PbmYCvvUuXQ=="
        },
        "is-wsl": {
          "version": "2.2.0",
          "resolved": "https://registry.npmjs.org/is-wsl/-/is-wsl-2.2.0.tgz",
          "integrity": "sha512-fKzAra0rGJUUBwGBgNkHZuToZcn+TtXHpeCgmkMJMMYx1sQDYaCSyjJBSCa2nH1DGm7s3n1oBnohoVTBaN7Lww==",
          "requires": {
            "is-docker": "^2.0.0"
          }
        },
        "jsonfile": {
          "version": "4.0.0",
          "resolved": "https://registry.npmjs.org/jsonfile/-/jsonfile-4.0.0.tgz",
          "integrity": "sha1-h3Gq4HmbZAdrdmQPygWPnBDjPss=",
          "requires": {
            "graceful-fs": "^4.1.6"
          }
        },
        "jsonwebtoken": {
          "version": "8.0.1",
          "resolved": "https://registry.npmjs.org/jsonwebtoken/-/jsonwebtoken-8.0.1.tgz",
          "integrity": "sha1-UNrvjQqMfeLNBrwQE7dbBMzz8M8=",
          "requires": {
            "jws": "^3.1.4",
            "lodash.includes": "^4.3.0",
            "lodash.isboolean": "^3.0.3",
            "lodash.isinteger": "^4.0.4",
            "lodash.isnumber": "^3.0.3",
            "lodash.isplainobject": "^4.0.6",
            "lodash.isstring": "^4.0.1",
            "lodash.once": "^4.0.0",
            "ms": "^2.0.0",
            "xtend": "^4.0.1"
          },
          "dependencies": {
            "jws": {
              "version": "3.2.2",
              "resolved": "https://registry.npmjs.org/jws/-/jws-3.2.2.tgz",
              "integrity": "sha512-YHlZCB6lMTllWDtSPHz/ZXTsi8S00usEV6v1tjq8tOUZzw7DpSDWVXjXDre6ed1w/pd495ODpHZYSdkRTsa0HA==",
              "requires": {
                "jwa": "^1.4.1",
                "safe-buffer": "^5.0.1"
              }
            }
          }
        },
        "jwa": {
          "version": "1.4.1",
          "resolved": "https://registry.npmjs.org/jwa/-/jwa-1.4.1.tgz",
          "integrity": "sha512-qiLX/xhEEFKUAJ6FiBMbes3w9ATzyk5W7Hvzpa/SLYdxNtng+gcurvrI7TbACjIXlsJyr05/S1oUhZrc63evQA==",
          "requires": {
            "buffer-equal-constant-time": "1.0.1",
            "ecdsa-sig-formatter": "1.0.11",
            "safe-buffer": "^5.0.1"
          }
        },
        "jws": {
          "version": "4.0.0",
          "resolved": "https://registry.npmjs.org/jws/-/jws-4.0.0.tgz",
          "integrity": "sha512-KDncfTmOZoOMTFG4mBlG0qUIOlc03fmzH+ru6RgYVZhPkyiy/92Owlt/8UEN+a4TXR1FQetfIpJE8ApdvdVxTg==",
          "requires": {
            "jwa": "^2.0.0",
            "safe-buffer": "^5.0.1"
          },
          "dependencies": {
            "jwa": {
              "version": "2.0.0",
              "resolved": "https://registry.npmjs.org/jwa/-/jwa-2.0.0.tgz",
              "integrity": "sha512-jrZ2Qx916EA+fq9cEAeCROWPTfCwi1IVHqT2tapuqLEVVDKFDENFw1oL+MwrTvH6msKxsd1YTDVw6uKEcsrLEA==",
              "requires": {
                "buffer-equal-constant-time": "1.0.1",
                "ecdsa-sig-formatter": "1.0.11",
                "safe-buffer": "^5.0.1"
              }
            }
          }
        },
        "lodash": {
          "version": "4.17.21",
          "resolved": "https://registry.npmjs.org/lodash/-/lodash-4.17.21.tgz",
          "integrity": "sha512-v2kDEe57lecTulaDIuNTPy3Ry4gLGJ6Z1O3vE1krgXZNrsQ+LFTGHVxVjcXPs17LhbZVGedAJv8XZ1tvj5FvSg=="
        },
        "lodash.includes": {
          "version": "4.3.0",
          "resolved": "https://registry.npmjs.org/lodash.includes/-/lodash.includes-4.3.0.tgz",
          "integrity": "sha1-YLuYqHy5I8aMoeUTJUgzFISfVT8="
        },
        "lodash.isboolean": {
          "version": "3.0.3",
          "resolved": "https://registry.npmjs.org/lodash.isboolean/-/lodash.isboolean-3.0.3.tgz",
          "integrity": "sha1-bC4XHbKiV82WgC/UOwGyDV9YcPY="
        },
        "lodash.isinteger": {
          "version": "4.0.4",
          "resolved": "https://registry.npmjs.org/lodash.isinteger/-/lodash.isinteger-4.0.4.tgz",
          "integrity": "sha1-YZwK89A/iwTDH1iChAt3sRzWg0M="
        },
        "lodash.isnumber": {
          "version": "3.0.3",
          "resolved": "https://registry.npmjs.org/lodash.isnumber/-/lodash.isnumber-3.0.3.tgz",
          "integrity": "sha1-POdoEMWSjQM1IwGsKHMX8RwLH/w="
        },
        "lodash.isplainobject": {
          "version": "4.0.6",
          "resolved": "https://registry.npmjs.org/lodash.isplainobject/-/lodash.isplainobject-4.0.6.tgz",
          "integrity": "sha1-fFJqUtibRcRcxpC4gWO+BJf1UMs="
        },
        "lodash.isstring": {
          "version": "4.0.1",
          "resolved": "https://registry.npmjs.org/lodash.isstring/-/lodash.isstring-4.0.1.tgz",
          "integrity": "sha1-1SfftUVuynzJu5XV2ur4i6VKVFE="
        },
        "lodash.once": {
          "version": "4.1.1",
          "resolved": "https://registry.npmjs.org/lodash.once/-/lodash.once-4.1.1.tgz",
          "integrity": "sha1-DdOXEhPHxW34gJd9UEyI+0cal6w="
        },
        "mime-db": {
          "version": "1.51.0",
          "resolved": "https://registry.npmjs.org/mime-db/-/mime-db-1.51.0.tgz",
          "integrity": "sha512-5y8A56jg7XVQx2mbv1lu49NR4dokRnhZYTtL+KGfaa27uq4pSTXkwQkFJl4pkRMyNFz/EtYDSkiiEHx3F7UN6g=="
        },
        "mime-types": {
          "version": "2.1.34",
          "resolved": "https://registry.npmjs.org/mime-types/-/mime-types-2.1.34.tgz",
          "integrity": "sha512-6cP692WwGIs9XXdOO4++N+7qjqv0rqxxVvJ3VHPh/Sc9mVZcQP+ZGhkKiTvWMQRr2tbHkJP/Yn7Y0npb3ZBs4A==",
          "requires": {
            "mime-db": "1.51.0"
          }
        },
        "ms": {
          "version": "2.1.2",
          "resolved": "https://registry.npmjs.org/ms/-/ms-2.1.2.tgz",
          "integrity": "sha512-sGkPx+VjMtmA6MX27oA4FBFELFCZZ4S4XqeGOXCv68tT+jb3vk/RyaKWP0PTKyWtmLSM0b+adUTEvbs1PEaH2w=="
        },
        "node-fetch": {
          "version": "2.6.1",
          "resolved": "https://registry.npmjs.org/node-fetch/-/node-fetch-2.6.1.tgz",
          "integrity": "sha512-V4aYg89jEoVRxRb2fJdAg8FHvI7cEyYdVAh94HH0UIK8oJxUfkjlDQN9RbMx+bEjP7+ggMiFRprSti032Oipxw=="
        },
        "open": {
          "version": "7.4.2",
          "resolved": "https://registry.npmjs.org/open/-/open-7.4.2.tgz",
          "integrity": "sha512-MVHddDVweXZF3awtlAS+6pgKLlm/JgxZ90+/NBurBoQctVOOB/zDdVjcyPzQ+0laDGbsWgrRkflI65sQeOgT9Q==",
          "requires": {
            "is-docker": "^2.0.0",
            "is-wsl": "^2.1.1"
          }
        },
        "psl": {
          "version": "1.8.0",
          "resolved": "https://registry.npmjs.org/psl/-/psl-1.8.0.tgz",
          "integrity": "sha512-RIdOzyoavK+hA18OGGWDqUTsCLhtA7IcZ/6NCs4fFJaHBDab+pDDmDIByWFRQJq2Cd7r1OoQxBGKOaztq+hjIQ=="
        },
        "punycode": {
          "version": "2.1.1",
          "resolved": "https://registry.npmjs.org/punycode/-/punycode-2.1.1.tgz",
          "integrity": "sha512-XRsRjdf+j5ml+y/6GKHPZbrF/8p2Yga0JPtdqTIY2Xe5ohJPD9saDJJLPvp9+NSBprVvevdXZybnj2cv8OEd0A=="
        },
        "rsa-pem-from-mod-exp": {
          "version": "0.8.4",
          "resolved": "https://registry.npmjs.org/rsa-pem-from-mod-exp/-/rsa-pem-from-mod-exp-0.8.4.tgz",
          "integrity": "sha1-NipCxtMEBW1JOz8SvOq7LGV2ptQ="
        },
        "safe-buffer": {
          "version": "5.2.1",
          "resolved": "https://registry.npmjs.org/safe-buffer/-/safe-buffer-5.2.1.tgz",
          "integrity": "sha512-rp3So07KcdmmKbGvgaNxQSJr7bGVSVk5S9Eq1F+ppbRo70+YeaDxkw5Dd8NPN+GD6bjnYm2VuPuCXmpuYvmCXQ=="
        },
        "sax": {
          "version": "1.2.4",
          "resolved": "https://registry.npmjs.org/sax/-/sax-1.2.4.tgz",
          "integrity": "sha512-NqVDv9TpANUjFm0N8uM5GxL36UgKi9/atZw+x7YFnQ8ckwFGKrl4xX4yWtrey3UJm5nP1kUbnYgLopqWNSRhWw=="
        },
        "semver": {
          "version": "5.7.1",
          "resolved": "https://registry.npmjs.org/semver/-/semver-5.7.1.tgz",
          "integrity": "sha512-sauaDf/PZdVgrLTNYHRtpXa1iRiKcaebiKQ1BJdpQlWH2lCvexQdX55snPFyK7QzpudqbCI0qXFfOasHdyNDGQ=="
        },
        "stoppable": {
          "version": "1.1.0",
          "resolved": "https://registry.npmjs.org/stoppable/-/stoppable-1.1.0.tgz",
          "integrity": "sha512-KXDYZ9dszj6bzvnEMRYvxgeTHU74QBFL54XKtP3nyMuJ81CFYtABZ3bAzL2EdFUaEwJOBOgENyFj3R7oTzDyyw=="
        },
        "strip-outer": {
          "version": "1.0.1",
          "resolved": "https://registry.npmjs.org/strip-outer/-/strip-outer-1.0.1.tgz",
          "integrity": "sha512-k55yxKHwaXnpYGsOzg4Vl8+tDrWylxDEpknGjhTiZB8dFRU5rTo9CAzeycivxV3s+zlTKwrs6WxMxR95n26kwg==",
          "requires": {
            "escape-string-regexp": "^1.0.2"
          }
        },
        "tough-cookie": {
          "version": "2.5.0",
          "resolved": "https://registry.npmjs.org/tough-cookie/-/tough-cookie-2.5.0.tgz",
          "integrity": "sha512-nlLsUzgm1kfLXSXfRZMc1KLAugd4hqJHDTvc2hDIwS3mZAfMEuMbc03SujMF+GEcpaX/qboeycw6iO8JwVv2+g==",
          "requires": {
            "psl": "^1.1.28",
            "punycode": "^2.1.1"
          }
        },
        "trim-repeated": {
          "version": "1.0.0",
          "resolved": "https://registry.npmjs.org/trim-repeated/-/trim-repeated-1.0.0.tgz",
          "integrity": "sha1-42RqLqTokTEr9+rObPsFOAvAHCE=",
          "requires": {
            "escape-string-regexp": "^1.0.2"
          }
        },
        "tslib": {
          "version": "1.14.1",
          "resolved": "https://registry.npmjs.org/tslib/-/tslib-1.14.1.tgz",
          "integrity": "sha512-Xni35NKzjgMrwevysHTCArtLDpPvye8zV/0E4EyYn43P7/7qvQwPh9BGkHewbMulVntbigmcT7rdX3BNo9wRJg=="
        },
        "tunnel": {
          "version": "0.0.6",
          "resolved": "https://registry.npmjs.org/tunnel/-/tunnel-0.0.6.tgz",
          "integrity": "sha512-1h/Lnq9yajKY2PEbBadPXj3VxsDDu844OnaAo52UVmIzIvwwtBPIuNvkjuzBlTWpfJyUbG3ez0KSBibQkj4ojg=="
        },
        "underscore": {
          "version": "1.13.1",
          "resolved": "https://registry.npmjs.org/underscore/-/underscore-1.13.1.tgz",
          "integrity": "sha512-hzSoAVtJF+3ZtiFX0VgfFPHEDRm7Y/QPjGyNo4TVdnDTdft3tr8hEkD25a1jC+TjTuE7tkHGKkhwCgs9dgBB2g=="
        },
        "universalify": {
          "version": "0.1.2",
          "resolved": "https://registry.npmjs.org/universalify/-/universalify-0.1.2.tgz",
          "integrity": "sha512-rBJeI5CXAlmy1pV+617WB9J63U6XcazHHF2f2dbJix4XzpUF0RS3Zbj0FGIOCAva5P/d/GBOYaACQ1w+0azUkg=="
        },
        "uuid": {
          "version": "8.3.2",
          "resolved": "https://registry.npmjs.org/uuid/-/uuid-8.3.2.tgz",
          "integrity": "sha512-+NYs2QeMWy+GWFOEm9xnn6HCDp0l7QBD7ml8zLUmJ+93Q5NF0NocErnwkTkXVFNiX3/fpC6afS8Dhb/gz7R7eg=="
        },
        "ws": {
          "version": "7.5.6",
          "resolved": "https://registry.npmjs.org/ws/-/ws-7.5.6.tgz",
          "integrity": "sha512-6GLgCqo2cy2A2rjCNFlxQS6ZljG/coZfZXclldI8FB/1G3CCI36Zd8xy2HrFVACi8tfk5XrgLQEk+P0Tnz9UcA=="
        },
        "xml2js": {
          "version": "0.4.23",
          "resolved": "https://registry.npmjs.org/xml2js/-/xml2js-0.4.23.tgz",
          "integrity": "sha512-ySPiMjM0+pLDftHgXY4By0uswI3SPKLDw/i3UXbnO8M/p28zqexCUoPmQFrYD+/1BzhGJSs2i1ERWKJAtiLrug==",
          "requires": {
            "sax": ">=0.6.0",
            "xmlbuilder": "~11.0.0"
          }
        },
        "xmlbuilder": {
          "version": "11.0.1",
          "resolved": "https://registry.npmjs.org/xmlbuilder/-/xmlbuilder-11.0.1.tgz",
          "integrity": "sha512-fDlsI/kFEx7gLvbecc0/ohLG50fugQp8ryHzMTuW9vSa1GJ0XYWKnhsUx7oie3G98+r56aTQIUB4kht42R3JvA=="
        },
        "xpath.js": {
          "version": "1.1.0",
          "resolved": "https://registry.npmjs.org/xpath.js/-/xpath.js-1.1.0.tgz",
          "integrity": "sha512-jg+qkfS4K8E7965sqaUl8mRngXiKb3WZGfONgE18pr03FUQiuSV6G+Ej4tS55B+rIQSFEIw3phdVAQ4pPqNWfQ=="
        },
        "xtend": {
          "version": "4.0.2",
          "resolved": "https://registry.npmjs.org/xtend/-/xtend-4.0.2.tgz",
          "integrity": "sha512-LKYU1iAXJXUgAXn9URjiu+MWhyUXHsvfp7mcuYm9dSUKK0/CjtrUwFAxD82/mCWbtLsGjFIad0wIsod4zrTAEQ=="
        },
        "zod": {
          "version": "1.11.17",
          "resolved": "https://registry.npmjs.org/zod/-/zod-1.11.17.tgz",
          "integrity": "sha512-UzIwO92D0dSFwIRyyqAfRXICITLjF0IP8tRbEK/un7adirMssWZx8xF/1hZNE7t61knWZ+lhEuUvxlu2MO8qqA=="
        }
      }
    }
  }
}
